// !$*UTF8*$!
{
	archiveVersion = 1;
	classes = {
	};
	objectVersion = 50;
	objects = {

/* Begin PBXBuildFile section */
		8ABED074FC134493A6B569AA /* Pods_BiteTalk.framework in Frameworks */ = {isa = PBXBuildFile; fileRef = 7ABA4C66E175FE41ED59BC33 /* Pods_BiteTalk.framework */; };
		C0003A58208E4F43000FDB74 /* Extensions.swift in Sources */ = {isa = PBXBuildFile; fileRef = C0003A57208E4F43000FDB74 /* Extensions.swift */; };
		C0003A5A208E56A0000FDB74 /* AddLangViewController.swift in Sources */ = {isa = PBXBuildFile; fileRef = C0003A59208E56A0000FDB74 /* AddLangViewController.swift */; };
		C01134B92084FED800BB6E82 /* LoginViewController.swift in Sources */ = {isa = PBXBuildFile; fileRef = C01134B82084FED800BB6E82 /* LoginViewController.swift */; };
		C01134BB2085006900BB6E82 /* RegisterViewController.swift in Sources */ = {isa = PBXBuildFile; fileRef = C01134BA2085006900BB6E82 /* RegisterViewController.swift */; };
		C03E8C3520922838001FD80B /* UserSetting.swift in Sources */ = {isa = PBXBuildFile; fileRef = C03E8C3420922838001FD80B /* UserSetting.swift */; };
		C05C643D20B7C8A8005E4ED8 /* AudioSessionandRecord.swift in Sources */ = {isa = PBXBuildFile; fileRef = C05C643C20B7C8A8005E4ED8 /* AudioSessionandRecord.swift */; };
		C06ADF5520863CF1004A9C9A /* GoogleService-Info.plist in Resources */ = {isa = PBXBuildFile; fileRef = C06ADF5420863CF1004A9C9A /* GoogleService-Info.plist */; };
		C070C87020A4389900B74A03 /* TestFCMViewController.swift in Sources */ = {isa = PBXBuildFile; fileRef = C070C86F20A4389900B74A03 /* TestFCMViewController.swift */; };
		C070C87220A5D88600B74A03 /* FriendsViewController.swift in Sources */ = {isa = PBXBuildFile; fileRef = C070C87120A5D88600B74A03 /* FriendsViewController.swift */; };
		C0724EDD20B54E97005E7B52 /* IntroduceViewController.swift in Sources */ = {isa = PBXBuildFile; fileRef = C0724EDC20B54E97005E7B52 /* IntroduceViewController.swift */; };
		C0724EDF20B559EF005E7B52 /* GenderSelViewController.swift in Sources */ = {isa = PBXBuildFile; fileRef = C0724EDE20B559EF005E7B52 /* GenderSelViewController.swift */; };
		C0724EE320B6676C005E7B52 /* LanguageSelViewController.swift in Sources */ = {isa = PBXBuildFile; fileRef = C0724EE220B6676C005E7B52 /* LanguageSelViewController.swift */; };
		C0724EE720B6C284005E7B52 /* NicknameViewController.swift in Sources */ = {isa = PBXBuildFile; fileRef = C0724EE620B6C284005E7B52 /* NicknameViewController.swift */; };
		C0724EE920B6C8F5005E7B52 /* VoiceViewController.swift in Sources */ = {isa = PBXBuildFile; fileRef = C0724EE820B6C8F5005E7B52 /* VoiceViewController.swift */; };
		C083578B2084D22A007575BA /* AppDelegate.swift in Sources */ = {isa = PBXBuildFile; fileRef = C083578A2084D22A007575BA /* AppDelegate.swift */; };
		C08357902084D22A007575BA /* Main.storyboard in Resources */ = {isa = PBXBuildFile; fileRef = C083578E2084D22A007575BA /* Main.storyboard */; };
		C08357922084D22D007575BA /* Assets.xcassets in Resources */ = {isa = PBXBuildFile; fileRef = C08357912084D22D007575BA /* Assets.xcassets */; };
		C08357952084D22D007575BA /* LaunchScreen.storyboard in Resources */ = {isa = PBXBuildFile; fileRef = C08357932084D22D007575BA /* LaunchScreen.storyboard */; };
		C08B1E7B209A1C1500D00B05 /* TheFirstSecectionViewController.swift in Sources */ = {isa = PBXBuildFile; fileRef = C08B1E7A209A1C1500D00B05 /* TheFirstSecectionViewController.swift */; };
		C0A3EAD920AC36F300DBAAAB /* User.swift in Sources */ = {isa = PBXBuildFile; fileRef = C0A3EAD820AC36F300DBAAAB /* User.swift */; };
		C0B9B94D20B7F029007EADDE /* SaveInitSettingViewController.swift in Sources */ = {isa = PBXBuildFile; fileRef = C0B9B94C20B7F029007EADDE /* SaveInitSettingViewController.swift */; };
/* End PBXBuildFile section */

/* Begin PBXFileReference section */
		7ABA4C66E175FE41ED59BC33 /* Pods_BiteTalk.framework */ = {isa = PBXFileReference; explicitFileType = wrapper.framework; includeInIndex = 0; path = Pods_BiteTalk.framework; sourceTree = BUILT_PRODUCTS_DIR; };
		84CE898CB9600D19644BC461 /* Pods-BiteTalk.debug.xcconfig */ = {isa = PBXFileReference; includeInIndex = 1; lastKnownFileType = text.xcconfig; name = "Pods-BiteTalk.debug.xcconfig"; path = "Pods/Target Support Files/Pods-BiteTalk/Pods-BiteTalk.debug.xcconfig"; sourceTree = "<group>"; };
		C0003A57208E4F43000FDB74 /* Extensions.swift */ = {isa = PBXFileReference; lastKnownFileType = sourcecode.swift; path = Extensions.swift; sourceTree = "<group>"; };
		C0003A59208E56A0000FDB74 /* AddLangViewController.swift */ = {isa = PBXFileReference; lastKnownFileType = sourcecode.swift; path = AddLangViewController.swift; sourceTree = "<group>"; };
		C01134B82084FED800BB6E82 /* LoginViewController.swift */ = {isa = PBXFileReference; lastKnownFileType = sourcecode.swift; path = LoginViewController.swift; sourceTree = "<group>"; };
		C01134BA2085006900BB6E82 /* RegisterViewController.swift */ = {isa = PBXFileReference; lastKnownFileType = sourcecode.swift; path = RegisterViewController.swift; sourceTree = "<group>"; };
		C03E8C3420922838001FD80B /* UserSetting.swift */ = {isa = PBXFileReference; lastKnownFileType = sourcecode.swift; path = UserSetting.swift; sourceTree = "<group>"; };
		C03E8C3A20925FEF001FD80B /* BiteTalk.entitlements */ = {isa = PBXFileReference; lastKnownFileType = text.plist.entitlements; path = BiteTalk.entitlements; sourceTree = "<group>"; };
		C05C643C20B7C8A8005E4ED8 /* AudioSessionandRecord.swift */ = {isa = PBXFileReference; lastKnownFileType = sourcecode.swift; path = AudioSessionandRecord.swift; sourceTree = "<group>"; };
		C06ADF5420863CF1004A9C9A /* GoogleService-Info.plist */ = {isa = PBXFileReference; fileEncoding = 4; lastKnownFileType = text.plist.xml; path = "GoogleService-Info.plist"; sourceTree = "<group>"; };
		C070C86F20A4389900B74A03 /* TestFCMViewController.swift */ = {isa = PBXFileReference; lastKnownFileType = sourcecode.swift; path = TestFCMViewController.swift; sourceTree = "<group>"; };
		C070C87120A5D88600B74A03 /* FriendsViewController.swift */ = {isa = PBXFileReference; lastKnownFileType = sourcecode.swift; path = FriendsViewController.swift; sourceTree = "<group>"; };
		C0724EDC20B54E97005E7B52 /* IntroduceViewController.swift */ = {isa = PBXFileReference; lastKnownFileType = sourcecode.swift; path = IntroduceViewController.swift; sourceTree = "<group>"; };
		C0724EDE20B559EF005E7B52 /* GenderSelViewController.swift */ = {isa = PBXFileReference; lastKnownFileType = sourcecode.swift; path = GenderSelViewController.swift; sourceTree = "<group>"; };
		C0724EE220B6676C005E7B52 /* LanguageSelViewController.swift */ = {isa = PBXFileReference; lastKnownFileType = sourcecode.swift; path = LanguageSelViewController.swift; sourceTree = "<group>"; };
		C0724EE620B6C284005E7B52 /* NicknameViewController.swift */ = {isa = PBXFileReference; lastKnownFileType = sourcecode.swift; path = NicknameViewController.swift; sourceTree = "<group>"; };
		C0724EE820B6C8F5005E7B52 /* VoiceViewController.swift */ = {isa = PBXFileReference; lastKnownFileType = sourcecode.swift; path = VoiceViewController.swift; sourceTree = "<group>"; };
		C08357872084D22A007575BA /* BiteTalk.app */ = {isa = PBXFileReference; explicitFileType = wrapper.application; includeInIndex = 0; path = BiteTalk.app; sourceTree = BUILT_PRODUCTS_DIR; };
		C083578A2084D22A007575BA /* AppDelegate.swift */ = {isa = PBXFileReference; lastKnownFileType = sourcecode.swift; path = AppDelegate.swift; sourceTree = "<group>"; };
		C083578F2084D22A007575BA /* Base */ = {isa = PBXFileReference; lastKnownFileType = file.storyboard; name = Base; path = Base.lproj/Main.storyboard; sourceTree = "<group>"; };
		C08357912084D22D007575BA /* Assets.xcassets */ = {isa = PBXFileReference; lastKnownFileType = folder.assetcatalog; path = Assets.xcassets; sourceTree = "<group>"; };
		C08357942084D22D007575BA /* Base */ = {isa = PBXFileReference; lastKnownFileType = file.storyboard; name = Base; path = Base.lproj/LaunchScreen.storyboard; sourceTree = "<group>"; };
		C08357962084D22D007575BA /* Info.plist */ = {isa = PBXFileReference; lastKnownFileType = text.plist.xml; path = Info.plist; sourceTree = "<group>"; };
		C08B1E7A209A1C1500D00B05 /* TheFirstSecectionViewController.swift */ = {isa = PBXFileReference; lastKnownFileType = sourcecode.swift; path = TheFirstSecectionViewController.swift; sourceTree = "<group>"; };
		C0A3EAD820AC36F300DBAAAB /* User.swift */ = {isa = PBXFileReference; lastKnownFileType = sourcecode.swift; path = User.swift; sourceTree = "<group>"; };
		C0B9B94C20B7F029007EADDE /* SaveInitSettingViewController.swift */ = {isa = PBXFileReference; lastKnownFileType = sourcecode.swift; path = SaveInitSettingViewController.swift; sourceTree = "<group>"; };
		D27FB91D9D417FD50CF9111C /* Pods-BiteTalk.release.xcconfig */ = {isa = PBXFileReference; includeInIndex = 1; lastKnownFileType = text.xcconfig; name = "Pods-BiteTalk.release.xcconfig"; path = "Pods/Target Support Files/Pods-BiteTalk/Pods-BiteTalk.release.xcconfig"; sourceTree = "<group>"; };
/* End PBXFileReference section */

/* Begin PBXFrameworksBuildPhase section */
		C08357842084D22A007575BA /* Frameworks */ = {
			isa = PBXFrameworksBuildPhase;
			buildActionMask = 2147483647;
			files = (
				8ABED074FC134493A6B569AA /* Pods_BiteTalk.framework in Frameworks */,
			);
			runOnlyForDeploymentPostprocessing = 0;
		};
/* End PBXFrameworksBuildPhase section */

/* Begin PBXGroup section */
		2507DBA4ED8664329A580F2B /* Pods */ = {
			isa = PBXGroup;
			children = (
				84CE898CB9600D19644BC461 /* Pods-BiteTalk.debug.xcconfig */,
				D27FB91D9D417FD50CF9111C /* Pods-BiteTalk.release.xcconfig */,
			);
			name = Pods;
			sourceTree = "<group>";
		};
		307792317740F618D1587718 /* Frameworks */ = {
			isa = PBXGroup;
			children = (
				7ABA4C66E175FE41ED59BC33 /* Pods_BiteTalk.framework */,
			);
			name = Frameworks;
			sourceTree = "<group>";
		};
		C0003A56208E4F2A000FDB74 /* Helpers */ = {
			isa = PBXGroup;
			children = (
				C0003A57208E4F43000FDB74 /* Extensions.swift */,
				C05C643C20B7C8A8005E4ED8 /* AudioSessionandRecord.swift */,
			);
			path = Helpers;
			sourceTree = "<group>";
		};
		C01134B72084FEBA00BB6E82 /* ViewController */ = {
			isa = PBXGroup;
			children = (
				C08B1E7A209A1C1500D00B05 /* TheFirstSecectionViewController.swift */,
				C070C87120A5D88600B74A03 /* FriendsViewController.swift */,
				C0A4FC2E2087B20A00C9856B /* LogingRegisterViews */,
				C0A3EADA20ADA1CC00DBAAAB /* InitSettingView */,
			);
			path = ViewController;
			sourceTree = "<group>";
		};
		C03E8C3320922800001FD80B /* Model */ = {
			isa = PBXGroup;
			children = (
				C03E8C3420922838001FD80B /* UserSetting.swift */,
				C0A3EAD820AC36F300DBAAAB /* User.swift */,
			);
			path = Model;
			sourceTree = "<group>";
		};
		C083577E2084D22A007575BA = {
			isa = PBXGroup;
			children = (
				C08357892084D22A007575BA /* BiteTalk */,
				C08357882084D22A007575BA /* Products */,
				2507DBA4ED8664329A580F2B /* Pods */,
				307792317740F618D1587718 /* Frameworks */,
			);
			sourceTree = "<group>";
		};
		C08357882084D22A007575BA /* Products */ = {
			isa = PBXGroup;
			children = (
				C08357872084D22A007575BA /* BiteTalk.app */,
			);
			name = Products;
			sourceTree = "<group>";
		};
		C08357892084D22A007575BA /* BiteTalk */ = {
			isa = PBXGroup;
			children = (
				C083578A2084D22A007575BA /* AppDelegate.swift */,
				C083578E2084D22A007575BA /* Main.storyboard */,
				C08357912084D22D007575BA /* Assets.xcassets */,
				C08357932084D22D007575BA /* LaunchScreen.storyboard */,
				C03E8C3A20925FEF001FD80B /* BiteTalk.entitlements */,
				C06ADF5420863CF1004A9C9A /* GoogleService-Info.plist */,
				C08357962084D22D007575BA /* Info.plist */,
				C0003A56208E4F2A000FDB74 /* Helpers */,
				C03E8C3320922800001FD80B /* Model */,
				C01134B72084FEBA00BB6E82 /* ViewController */,
				C070C86F20A4389900B74A03 /* TestFCMViewController.swift */,
			);
			path = BiteTalk;
			sourceTree = "<group>";
		};
		C0A3EADA20ADA1CC00DBAAAB /* InitSettingView */ = {
			isa = PBXGroup;
			children = (
				C0724EDC20B54E97005E7B52 /* IntroduceViewController.swift */,
				C0724EDE20B559EF005E7B52 /* GenderSelViewController.swift */,
				C0724EE220B6676C005E7B52 /* LanguageSelViewController.swift */,
				C0003A59208E56A0000FDB74 /* AddLangViewController.swift */,
				C0724EE620B6C284005E7B52 /* NicknameViewController.swift */,
				C0724EE820B6C8F5005E7B52 /* VoiceViewController.swift */,
				C0B9B94C20B7F029007EADDE /* SaveInitSettingViewController.swift */,
			);
			path = InitSettingView;
			sourceTree = "<group>";
		};
		C0A4FC2E2087B20A00C9856B /* LogingRegisterViews */ = {
			isa = PBXGroup;
			children = (
				C01134B82084FED800BB6E82 /* LoginViewController.swift */,
				C01134BA2085006900BB6E82 /* RegisterViewController.swift */,
			);
			path = LogingRegisterViews;
			sourceTree = "<group>";
		};
/* End PBXGroup section */

/* Begin PBXNativeTarget section */
		C08357862084D22A007575BA /* BiteTalk */ = {
			isa = PBXNativeTarget;
			buildConfigurationList = C08357992084D22D007575BA /* Build configuration list for PBXNativeTarget "BiteTalk" */;
			buildPhases = (
				C053C0C80804CA1718D6BF2C /* [CP] Check Pods Manifest.lock */,
				C08357832084D22A007575BA /* Sources */,
				C08357842084D22A007575BA /* Frameworks */,
				C08357852084D22A007575BA /* Resources */,
				F586A5B84B60252BC5EFE35B /* [CP] Embed Pods Frameworks */,
			);
			buildRules = (
			);
			dependencies = (
			);
			name = BiteTalk;
			productName = BiteTalk;
			productReference = C08357872084D22A007575BA /* BiteTalk.app */;
			productType = "com.apple.product-type.application";
		};
/* End PBXNativeTarget section */

/* Begin PBXProject section */
		C083577F2084D22A007575BA /* Project object */ = {
			isa = PBXProject;
			attributes = {
				LastSwiftUpdateCheck = 0930;
				LastUpgradeCheck = 0930;
				ORGANIZATIONNAME = "신진욱";
				TargetAttributes = {
					C08357862084D22A007575BA = {
						CreatedOnToolsVersion = 9.3;
						SystemCapabilities = {
							com.apple.InterAppAudio = {
								enabled = 0;
							};
							com.apple.Push = {
								enabled = 1;
							};
						};
					};
				};
			};
			buildConfigurationList = C08357822084D22A007575BA /* Build configuration list for PBXProject "BiteTalk" */;
			compatibilityVersion = "Xcode 9.3";
			developmentRegion = en;
			hasScannedForEncodings = 0;
			knownRegions = (
				en,
				Base,
			);
			mainGroup = C083577E2084D22A007575BA;
			productRefGroup = C08357882084D22A007575BA /* Products */;
			projectDirPath = "";
			projectRoot = "";
			targets = (
				C08357862084D22A007575BA /* BiteTalk */,
			);
		};
/* End PBXProject section */

/* Begin PBXResourcesBuildPhase section */
		C08357852084D22A007575BA /* Resources */ = {
			isa = PBXResourcesBuildPhase;
			buildActionMask = 2147483647;
			files = (
				C08357952084D22D007575BA /* LaunchScreen.storyboard in Resources */,
				C06ADF5520863CF1004A9C9A /* GoogleService-Info.plist in Resources */,
				C08357922084D22D007575BA /* Assets.xcassets in Resources */,
				C08357902084D22A007575BA /* Main.storyboard in Resources */,
			);
			runOnlyForDeploymentPostprocessing = 0;
		};
/* End PBXResourcesBuildPhase section */

/* Begin PBXShellScriptBuildPhase section */
		C053C0C80804CA1718D6BF2C /* [CP] Check Pods Manifest.lock */ = {
			isa = PBXShellScriptBuildPhase;
			buildActionMask = 2147483647;
			files = (
			);
			inputPaths = (
				"${PODS_PODFILE_DIR_PATH}/Podfile.lock",
				"${PODS_ROOT}/Manifest.lock",
			);
			name = "[CP] Check Pods Manifest.lock";
			outputPaths = (
				"$(DERIVED_FILE_DIR)/Pods-BiteTalk-checkManifestLockResult.txt",
			);
			runOnlyForDeploymentPostprocessing = 0;
			shellPath = /bin/sh;
			shellScript = "diff \"${PODS_PODFILE_DIR_PATH}/Podfile.lock\" \"${PODS_ROOT}/Manifest.lock\" > /dev/null\nif [ $? != 0 ] ; then\n    # print error to STDERR\n    echo \"error: The sandbox is not in sync with the Podfile.lock. Run 'pod install' or update your CocoaPods installation.\" >&2\n    exit 1\nfi\n# This output is used by Xcode 'outputs' to avoid re-running this script phase.\necho \"SUCCESS\" > \"${SCRIPT_OUTPUT_FILE_0}\"\n";
			showEnvVarsInLog = 0;
		};
		F586A5B84B60252BC5EFE35B /* [CP] Embed Pods Frameworks */ = {
			isa = PBXShellScriptBuildPhase;
			buildActionMask = 2147483647;
			files = (
			);
			inputPaths = (
				"${SRCROOT}/Pods/Target Support Files/Pods-BiteTalk/Pods-BiteTalk-frameworks.sh",
				"${BUILT_PRODUCTS_DIR}/GTMSessionFetcher/GTMSessionFetcher.framework",
				"${BUILT_PRODUCTS_DIR}/GoogleToolboxForMac/GoogleToolboxForMac.framework",
				"${BUILT_PRODUCTS_DIR}/Protobuf/Protobuf.framework",
				"${BUILT_PRODUCTS_DIR}/leveldb-library/leveldb.framework",
				"${BUILT_PRODUCTS_DIR}/nanopb/nanopb.framework",
			);
			name = "[CP] Embed Pods Frameworks";
			outputPaths = (
				"${TARGET_BUILD_DIR}/${FRAMEWORKS_FOLDER_PATH}/GTMSessionFetcher.framework",
				"${TARGET_BUILD_DIR}/${FRAMEWORKS_FOLDER_PATH}/GoogleToolboxForMac.framework",
				"${TARGET_BUILD_DIR}/${FRAMEWORKS_FOLDER_PATH}/Protobuf.framework",
				"${TARGET_BUILD_DIR}/${FRAMEWORKS_FOLDER_PATH}/leveldb.framework",
				"${TARGET_BUILD_DIR}/${FRAMEWORKS_FOLDER_PATH}/nanopb.framework",
			);
			runOnlyForDeploymentPostprocessing = 0;
			shellPath = /bin/sh;
			shellScript = "\"${SRCROOT}/Pods/Target Support Files/Pods-BiteTalk/Pods-BiteTalk-frameworks.sh\"\n";
			showEnvVarsInLog = 0;
		};
/* End PBXShellScriptBuildPhase section */

/* Begin PBXSourcesBuildPhase section */
		C08357832084D22A007575BA /* Sources */ = {
			isa = PBXSourcesBuildPhase;
			buildActionMask = 2147483647;
			files = (
				C01134BB2085006900BB6E82 /* RegisterViewController.swift in Sources */,
				C0003A5A208E56A0000FDB74 /* AddLangViewController.swift in Sources */,
				C0724EE320B6676C005E7B52 /* LanguageSelViewController.swift in Sources */,
				C0B9B94D20B7F029007EADDE /* SaveInitSettingViewController.swift in Sources */,
				C0724EE720B6C284005E7B52 /* NicknameViewController.swift in Sources */,
				C03E8C3520922838001FD80B /* UserSetting.swift in Sources */,
				C05C643D20B7C8A8005E4ED8 /* AudioSessionandRecord.swift in Sources */,
				C070C87020A4389900B74A03 /* TestFCMViewController.swift in Sources */,
				C0A3EAD920AC36F300DBAAAB /* User.swift in Sources */,
				C0724EDD20B54E97005E7B52 /* IntroduceViewController.swift in Sources */,
				C0724EE920B6C8F5005E7B52 /* VoiceViewController.swift in Sources */,
				C0724EDF20B559EF005E7B52 /* GenderSelViewController.swift in Sources */,
				C01134B92084FED800BB6E82 /* LoginViewController.swift in Sources */,
				C0003A58208E4F43000FDB74 /* Extensions.swift in Sources */,
				C070C87220A5D88600B74A03 /* FriendsViewController.swift in Sources */,
				C08B1E7B209A1C1500D00B05 /* TheFirstSecectionViewController.swift in Sources */,
				C083578B2084D22A007575BA /* AppDelegate.swift in Sources */,
			);
			runOnlyForDeploymentPostprocessing = 0;
		};
/* End PBXSourcesBuildPhase section */

/* Begin PBXVariantGroup section */
		C083578E2084D22A007575BA /* Main.storyboard */ = {
			isa = PBXVariantGroup;
			children = (
				C083578F2084D22A007575BA /* Base */,
			);
			name = Main.storyboard;
			sourceTree = "<group>";
		};
		C08357932084D22D007575BA /* LaunchScreen.storyboard */ = {
			isa = PBXVariantGroup;
			children = (
				C08357942084D22D007575BA /* Base */,
			);
			name = LaunchScreen.storyboard;
			sourceTree = "<group>";
		};
/* End PBXVariantGroup section */

/* Begin XCBuildConfiguration section */
		C08357972084D22D007575BA /* Debug */ = {
			isa = XCBuildConfiguration;
			buildSettings = {
				ALWAYS_SEARCH_USER_PATHS = NO;
				CLANG_ANALYZER_NONNULL = YES;
				CLANG_ANALYZER_NUMBER_OBJECT_CONVERSION = YES_AGGRESSIVE;
				CLANG_CXX_LANGUAGE_STANDARD = "gnu++14";
				CLANG_CXX_LIBRARY = "libc++";
				CLANG_ENABLE_MODULES = YES;
				CLANG_ENABLE_OBJC_ARC = YES;
				CLANG_ENABLE_OBJC_WEAK = YES;
				CLANG_WARN_BLOCK_CAPTURE_AUTORELEASING = YES;
				CLANG_WARN_BOOL_CONVERSION = YES;
				CLANG_WARN_COMMA = YES;
				CLANG_WARN_CONSTANT_CONVERSION = YES;
				CLANG_WARN_DEPRECATED_OBJC_IMPLEMENTATIONS = YES;
				CLANG_WARN_DIRECT_OBJC_ISA_USAGE = YES_ERROR;
				CLANG_WARN_DOCUMENTATION_COMMENTS = YES;
				CLANG_WARN_EMPTY_BODY = YES;
				CLANG_WARN_ENUM_CONVERSION = YES;
				CLANG_WARN_INFINITE_RECURSION = YES;
				CLANG_WARN_INT_CONVERSION = YES;
				CLANG_WARN_NON_LITERAL_NULL_CONVERSION = YES;
				CLANG_WARN_OBJC_IMPLICIT_RETAIN_SELF = YES;
				CLANG_WARN_OBJC_LITERAL_CONVERSION = YES;
				CLANG_WARN_OBJC_ROOT_CLASS = YES_ERROR;
				CLANG_WARN_RANGE_LOOP_ANALYSIS = YES;
				CLANG_WARN_STRICT_PROTOTYPES = YES;
				CLANG_WARN_SUSPICIOUS_MOVE = YES;
				CLANG_WARN_UNGUARDED_AVAILABILITY = YES_AGGRESSIVE;
				CLANG_WARN_UNREACHABLE_CODE = YES;
				CLANG_WARN__DUPLICATE_METHOD_MATCH = YES;
				CODE_SIGN_IDENTITY = "iPhone Developer";
				COPY_PHASE_STRIP = NO;
				DEBUG_INFORMATION_FORMAT = dwarf;
				ENABLE_STRICT_OBJC_MSGSEND = YES;
				ENABLE_TESTABILITY = YES;
				GCC_C_LANGUAGE_STANDARD = gnu11;
				GCC_DYNAMIC_NO_PIC = NO;
				GCC_NO_COMMON_BLOCKS = YES;
				GCC_OPTIMIZATION_LEVEL = 0;
				GCC_PREPROCESSOR_DEFINITIONS = (
					"DEBUG=1",
					"$(inherited)",
				);
				GCC_WARN_64_TO_32_BIT_CONVERSION = YES;
				GCC_WARN_ABOUT_RETURN_TYPE = YES_ERROR;
				GCC_WARN_UNDECLARED_SELECTOR = YES;
				GCC_WARN_UNINITIALIZED_AUTOS = YES_AGGRESSIVE;
				GCC_WARN_UNUSED_FUNCTION = YES;
				GCC_WARN_UNUSED_VARIABLE = YES;
				IPHONEOS_DEPLOYMENT_TARGET = 11.3;
				MTL_ENABLE_DEBUG_INFO = YES;
				ONLY_ACTIVE_ARCH = YES;
				SDKROOT = iphoneos;
				SWIFT_ACTIVE_COMPILATION_CONDITIONS = DEBUG;
				SWIFT_OPTIMIZATION_LEVEL = "-Onone";
			};
			name = Debug;
		};
		C08357982084D22D007575BA /* Release */ = {
			isa = XCBuildConfiguration;
			buildSettings = {
				ALWAYS_SEARCH_USER_PATHS = NO;
				CLANG_ANALYZER_NONNULL = YES;
				CLANG_ANALYZER_NUMBER_OBJECT_CONVERSION = YES_AGGRESSIVE;
				CLANG_CXX_LANGUAGE_STANDARD = "gnu++14";
				CLANG_CXX_LIBRARY = "libc++";
				CLANG_ENABLE_MODULES = YES;
				CLANG_ENABLE_OBJC_ARC = YES;
				CLANG_ENABLE_OBJC_WEAK = YES;
				CLANG_WARN_BLOCK_CAPTURE_AUTORELEASING = YES;
				CLANG_WARN_BOOL_CONVERSION = YES;
				CLANG_WARN_COMMA = YES;
				CLANG_WARN_CONSTANT_CONVERSION = YES;
				CLANG_WARN_DEPRECATED_OBJC_IMPLEMENTATIONS = YES;
				CLANG_WARN_DIRECT_OBJC_ISA_USAGE = YES_ERROR;
				CLANG_WARN_DOCUMENTATION_COMMENTS = YES;
				CLANG_WARN_EMPTY_BODY = YES;
				CLANG_WARN_ENUM_CONVERSION = YES;
				CLANG_WARN_INFINITE_RECURSION = YES;
				CLANG_WARN_INT_CONVERSION = YES;
				CLANG_WARN_NON_LITERAL_NULL_CONVERSION = YES;
				CLANG_WARN_OBJC_IMPLICIT_RETAIN_SELF = YES;
				CLANG_WARN_OBJC_LITERAL_CONVERSION = YES;
				CLANG_WARN_OBJC_ROOT_CLASS = YES_ERROR;
				CLANG_WARN_RANGE_LOOP_ANALYSIS = YES;
				CLANG_WARN_STRICT_PROTOTYPES = YES;
				CLANG_WARN_SUSPICIOUS_MOVE = YES;
				CLANG_WARN_UNGUARDED_AVAILABILITY = YES_AGGRESSIVE;
				CLANG_WARN_UNREACHABLE_CODE = YES;
				CLANG_WARN__DUPLICATE_METHOD_MATCH = YES;
				CODE_SIGN_IDENTITY = "iPhone Developer";
				COPY_PHASE_STRIP = NO;
				DEBUG_INFORMATION_FORMAT = "dwarf-with-dsym";
				ENABLE_NS_ASSERTIONS = NO;
				ENABLE_STRICT_OBJC_MSGSEND = YES;
				GCC_C_LANGUAGE_STANDARD = gnu11;
				GCC_NO_COMMON_BLOCKS = YES;
				GCC_WARN_64_TO_32_BIT_CONVERSION = YES;
				GCC_WARN_ABOUT_RETURN_TYPE = YES_ERROR;
				GCC_WARN_UNDECLARED_SELECTOR = YES;
				GCC_WARN_UNINITIALIZED_AUTOS = YES_AGGRESSIVE;
				GCC_WARN_UNUSED_FUNCTION = YES;
				GCC_WARN_UNUSED_VARIABLE = YES;
				IPHONEOS_DEPLOYMENT_TARGET = 11.3;
				MTL_ENABLE_DEBUG_INFO = NO;
				SDKROOT = iphoneos;
				SWIFT_COMPILATION_MODE = wholemodule;
				SWIFT_OPTIMIZATION_LEVEL = "-O";
				VALIDATE_PRODUCT = YES;
			};
			name = Release;
		};
		C083579A2084D22D007575BA /* Debug */ = {
			isa = XCBuildConfiguration;
			baseConfigurationReference = 84CE898CB9600D19644BC461 /* Pods-BiteTalk.debug.xcconfig */;
			buildSettings = {
				ASSETCATALOG_COMPILER_APPICON_NAME = AppIcon;
				CODE_SIGN_ENTITLEMENTS = BiteTalk/BiteTalk.entitlements;
				CODE_SIGN_STYLE = Automatic;
				DEVELOPMENT_TEAM = KPQP38DW3E;
				INFOPLIST_FILE = BiteTalk/Info.plist;
				LD_RUNPATH_SEARCH_PATHS = (
					"$(inherited)",
					"@executable_path/Frameworks",
				);
				PRODUCT_BUNDLE_IDENTIFIER = "bitetalk-shin";
				PRODUCT_NAME = "$(TARGET_NAME)";
				SWIFT_VERSION = 4.0;
				TARGETED_DEVICE_FAMILY = "1,2";
			};
			name = Debug;
		};
		C083579B2084D22D007575BA /* Release */ = {
			isa = XCBuildConfiguration;
			baseConfigurationReference = D27FB91D9D417FD50CF9111C /* Pods-BiteTalk.release.xcconfig */;
			buildSettings = {
				ASSETCATALOG_COMPILER_APPICON_NAME = AppIcon;
				CODE_SIGN_ENTITLEMENTS = BiteTalk/BiteTalk.entitlements;
				CODE_SIGN_STYLE = Automatic;
				DEVELOPMENT_TEAM = KPQP38DW3E;
				INFOPLIST_FILE = BiteTalk/Info.plist;
				LD_RUNPATH_SEARCH_PATHS = (
					"$(inherited)",
					"@executable_path/Frameworks",
				);
				PRODUCT_BUNDLE_IDENTIFIER = "bitetalk-shin";
				PRODUCT_NAME = "$(TARGET_NAME)";
				SWIFT_VERSION = 4.0;
				TARGETED_DEVICE_FAMILY = "1,2";
			};
			name = Release;
		};
/* End XCBuildConfiguration section */

/* Begin XCConfigurationList section */
		C08357822084D22A007575BA /* Build configuration list for PBXProject "BiteTalk" */ = {
			isa = XCConfigurationList;
			buildConfigurations = (
				C08357972084D22D007575BA /* Debug */,
				C08357982084D22D007575BA /* Release */,
			);
			defaultConfigurationIsVisible = 0;
			defaultConfigurationName = Release;
		};
		C08357992084D22D007575BA /* Build configuration list for PBXNativeTarget "BiteTalk" */ = {
			isa = XCConfigurationList;
			buildConfigurations = (
				C083579A2084D22D007575BA /* Debug */,
				C083579B2084D22D007575BA /* Release */,
			);
			defaultConfigurationIsVisible = 0;
			defaultConfigurationName = Release;
		};
/* End XCConfigurationList section */
	};
	rootObject = C083577F2084D22A007575BA /* Project object */;
}
